
Microsoft Visual Studio Solution File, Format Version 12.00
# Visual Studio Version 17
VisualStudioVersion = 17.10.35122.118
MinimumVisualStudioVersion = 10.0.40219.1
Project("{9A19103F-16F7-4668-BE54-9A1E7A4F7556}") = "Basic", "Basic\Basic.csproj", "{9CC77EAB-8818-4A79-8854-639C1C546AA7}"
EndProject
Project("{9A19103F-16F7-4668-BE54-9A1E7A4F7556}") = "Conditional Statements", "Conditional Statements\Conditional Statements.csproj", "{B4FC361A-8ABB-4F5D-8530-469FC91C5D28}"
EndProject
Project("{FAE04EC0-301F-11D3-BF4B-00C04F79EFBC}") = "Loops", "Loops\Loops.csproj", "{E2B31C2B-CE82-4094-BF59-BBF3832B3E61}"
EndProject
Project("{FAE04EC0-301F-11D3-BF4B-00C04F79EFBC}") = "Strings", "Strings\Strings.csproj", "{D5B512DA-335D-4B2D-A92D-EACCF35E7CDE}"
EndProject
Global
	GlobalSection(SolutionConfigurationPlatforms) = preSolution
		Debug|Any CPU = Debug|Any CPU
		Release|Any CPU = Release|Any CPU
	EndGlobalSection
	GlobalSection(ProjectConfigurationPlatforms) = postSolution
		{9CC77EAB-8818-4A79-8854-639C1C546AA7}.Debug|Any CPU.ActiveCfg = Debug|Any CPU
		{9CC77EAB-8818-4A79-8854-639C1C546AA7}.Debug|Any CPU.Build.0 = Debug|Any CPU
		{9CC77EAB-8818-4A79-8854-639C1C546AA7}.Release|Any CPU.ActiveCfg = Release|Any CPU
		{9CC77EAB-8818-4A79-8854-639C1C546AA7}.Release|Any CPU.Build.0 = Release|Any CPU
		{B4FC361A-8ABB-4F5D-8530-469FC91C5D28}.Debug|Any CPU.ActiveCfg = Debug|Any CPU
		{B4FC361A-8ABB-4F5D-8530-469FC91C5D28}.Debug|Any CPU.Build.0 = Debug|Any CPU
		{B4FC361A-8ABB-4F5D-8530-469FC91C5D28}.Release|Any CPU.ActiveCfg = Release|Any CPU
		{B4FC361A-8ABB-4F5D-8530-469FC91C5D28}.Release|Any CPU.Build.0 = Release|Any CPU
		{E2B31C2B-CE82-4094-BF59-BBF3832B3E61}.Debug|Any CPU.ActiveCfg = Debug|Any CPU
		{E2B31C2B-CE82-4094-BF59-BBF3832B3E61}.Debug|Any CPU.Build.0 = Debug|Any CPU
		{E2B31C2B-CE82-4094-BF59-BBF3832B3E61}.Release|Any CPU.ActiveCfg = Release|Any CPU
		{E2B31C2B-CE82-4094-BF59-BBF3832B3E61}.Release|Any CPU.Build.0 = Release|Any CPU
		{D5B512DA-335D-4B2D-A92D-EACCF35E7CDE}.Debug|Any CPU.ActiveCfg = Debug|Any CPU
		{D5B512DA-335D-4B2D-A92D-EACCF35E7CDE}.Debug|Any CPU.Build.0 = Debug|Any CPU
		{D5B512DA-335D-4B2D-A92D-EACCF35E7CDE}.Release|Any CPU.ActiveCfg = Release|Any CPU
		{D5B512DA-335D-4B2D-A92D-EACCF35E7CDE}.Release|Any CPU.Build.0 = Release|Any CPU
	EndGlobalSection
	GlobalSection(SolutionProperties) = preSolution
		HideSolutionNode = FALSE
	EndGlobalSection
	GlobalSection(ExtensibilityGlobals) = postSolution
		SolutionGuid = {A0F4D2C3-47F0-41C6-ADB7-2EF84B9C9FFB}
	EndGlobalSection
EndGlobal
